{
  "name": "stats-tests",
  "version": "1.0.0",
  "lockfileVersion": 1,
  "requires": true,
  "dependencies": {
    "cephes": {
      "version": "1.2.0",
      "resolved": "https://registry.npmjs.org/cephes/-/cephes-1.2.0.tgz",
      "integrity": "sha512-twuUuJRrIrsELHz6foJtZlqrz6FC36zoHZJvvThsrM1UWPKxyoilw1Rka6Hk0AmPFKHKUoGwGfAtvNZNtNZu0g=="
    },
    "distributions": {
      "version": "2.1.0",
      "resolved": "https://registry.npmjs.org/distributions/-/distributions-2.1.0.tgz",
      "integrity": "sha512-4eov7WXRip5Tu0K7Y51W1oVt+DcvkoE0EzsvbLzgedC/n4PUpYXHqk6vo/OH1HteBHp5Vm6cmfnInf9NAXM4qQ==",
      "requires": {
        "cephes": "^1.1.2"
      }
    }
  }
}
